// !$*UTF8*$!
{
	archiveVersion = 1;
	classes = {
	};
	objectVersion = 77;
	objects = {

/* Begin PBXBuildFile section */
		A00000000000000000000001 /* AppIdentity.swift in Sources */ = {isa = PBXBuildFile; fileRef = B00000000000000000000001 /* AppIdentity.swift */; };
		A00000000000000000000002 /* AppModel.swift in Sources */ = {isa = PBXBuildFile; fileRef = B00000000000000000000002 /* AppModel.swift */; };
		A00000000000000000000003 /* BandSteererApp.swift in Sources */ = {isa = PBXBuildFile; fileRef = B00000000000000000000003 /* BandSteererApp.swift */; };
		A00000000000000000000004 /* CredentialStore.swift in Sources */ = {isa = PBXBuildFile; fileRef = B00000000000000000000004 /* CredentialStore.swift */; };
		A00000000000000000000005 /* LocationPermission.swift in Sources */ = {isa = PBXBuildFile; fileRef = B00000000000000000000005 /* LocationPermission.swift */; };
		A00000000000000000000006 /* MenuBarView.swift in Sources */ = {isa = PBXBuildFile; fileRef = B00000000000000000000006 /* MenuBarView.swift */; };
		A00000000000000000000007 /* WiFiService.swift in Sources */ = {isa = PBXBuildFile; fileRef = B00000000000000000000007 /* WiFiService.swift */; };
		A00000000000000000000008 /* WiFiTypes.swift in Sources */ = {isa = PBXBuildFile; fileRef = B00000000000000000000008 /* WiFiTypes.swift */; };
		A00000000000000000000009 /* Assets.xcassets in Resources */ = {isa = PBXBuildFile; fileRef = B00000000000000000000009 /* Assets.xcassets */; };
		A0000000000000000000000A /* BandSteererTests.swift in Sources */ = {isa = PBXBuildFile; fileRef = B0000000000000000000000C /* BandSteererTests.swift */; };
		A0000000000000000000000B /* BandPreferenceStore.swift in Sources */ = {isa = PBXBuildFile; fileRef = B0000000000000000000000D /* BandPreferenceStore.swift */; };
		A0000000000000000000000C /* AboutView.swift in Sources */ = {isa = PBXBuildFile; fileRef = B00000000000000000000010 /* AboutView.swift */; };
		A0000000000000000000000D /* UpdateController.swift in Sources */ = {isa = PBXBuildFile; fileRef = B00000000000000000000011 /* UpdateController.swift */; };
		A0000000000000000000000E /* Sparkle in Frameworks */ = {isa = PBXBuildFile; productRef = 500000000000000000000002 /* Sparkle */; };
/* End PBXBuildFile section */

/* Begin PBXContainerItemProxy section */
		400000000000000000000001 /* PBXContainerItemProxy */ = {
			isa = PBXContainerItemProxy;
			containerPortal = F00000000000000000000001 /* Project object */;
			proxyType = 1;
			remoteGlobalIDString = E00000000000000000000001;
			remoteInfo = BandSteerer;
		};
/* End PBXContainerItemProxy section */

/* Begin PBXFileReference section */
		B00000000000000000000001 /* AppIdentity.swift */ = {isa = PBXFileReference; lastKnownFileType = sourcecode.swift; path = AppIdentity.swift; sourceTree = "<group>"; };
		B00000000000000000000002 /* AppModel.swift */ = {isa = PBXFileReference; lastKnownFileType = sourcecode.swift; path = AppModel.swift; sourceTree = "<group>"; };
		B00000000000000000000003 /* BandSteererApp.swift */ = {isa = PBXFileReference; lastKnownFileType = sourcecode.swift; path = BandSteererApp.swift; sourceTree = "<group>"; };
		B00000000000000000000004 /* CredentialStore.swift */ = {isa = PBXFileReference; lastKnownFileType = sourcecode.swift; path = CredentialStore.swift; sourceTree = "<group>"; };
		B00000000000000000000005 /* LocationPermission.swift */ = {isa = PBXFileReference; lastKnownFileType = sourcecode.swift; path = LocationPermission.swift; sourceTree = "<group>"; };
		B00000000000000000000006 /* MenuBarView.swift */ = {isa = PBXFileReference; lastKnownFileType = sourcecode.swift; path = MenuBarView.swift; sourceTree = "<group>"; };
		B00000000000000000000007 /* WiFiService.swift */ = {isa = PBXFileReference; lastKnownFileType = sourcecode.swift; path = WiFiService.swift; sourceTree = "<group>"; };
		B00000000000000000000008 /* WiFiTypes.swift */ = {isa = PBXFileReference; lastKnownFileType = sourcecode.swift; path = WiFiTypes.swift; sourceTree = "<group>"; };
		B00000000000000000000009 /* Assets.xcassets */ = {isa = PBXFileReference; lastKnownFileType = folder.assetcatalog; path = Assets.xcassets; sourceTree = "<group>"; };
		B0000000000000000000000A /* Info.plist */ = {isa = PBXFileReference; lastKnownFileType = text.plist.xml; path = Info.plist; sourceTree = "<group>"; };
		B0000000000000000000000B /* BandSteerer.entitlements */ = {isa = PBXFileReference; lastKnownFileType = text.plist.entitlements; path = BandSteerer.entitlements; sourceTree = "<group>"; };
		B0000000000000000000000C /* BandSteererTests.swift */ = {isa = PBXFileReference; lastKnownFileType = sourcecode.swift; path = BandSteererTests.swift; sourceTree = "<group>"; };
		B0000000000000000000000D /* BandPreferenceStore.swift */ = {isa = PBXFileReference; lastKnownFileType = sourcecode.swift; path = BandPreferenceStore.swift; sourceTree = "<group>"; };
		B0000000000000000000000E /* BandSteerer.app */ = {isa = PBXFileReference; explicitFileType = wrapper.application; includeInIndex = 0; path = BandSteerer.app; sourceTree = BUILT_PRODUCTS_DIR; };
		B0000000000000000000000F /* BandSteererTests.xctest */ = {isa = PBXFileReference; explicitFileType = wrapper.cfbundle; includeInIndex = 0; path = BandSteererTests.xctest; sourceTree = BUILT_PRODUCTS_DIR; };
		B00000000000000000000010 /* AboutView.swift */ = {isa = PBXFileReference; lastKnownFileType = sourcecode.swift; path = AboutView.swift; sourceTree = "<group>"; };
		B00000000000000000000011 /* UpdateController.swift */ = {isa = PBXFileReference; lastKnownFileType = sourcecode.swift; path = UpdateController.swift; sourceTree = "<group>"; };
/* End PBXFileReference section */

/* Begin PBXFrameworksBuildPhase section */
		D00000000000000000000001 /* Frameworks */ = {
			isa = PBXFrameworksBuildPhase;
			buildActionMask = 2147483647;
			files = (
				A0000000000000000000000E /* Sparkle in Frameworks */,
			);
			runOnlyForDeploymentPostprocessing = 0;
		};
		D00000000000000000000004 /* Frameworks */ = {
			isa = PBXFrameworksBuildPhase;
			buildActionMask = 2147483647;
			files = (
			);
			runOnlyForDeploymentPostprocessing = 0;
		};
/* End PBXFrameworksBuildPhase section */

/* Begin PBXGroup section */
		C00000000000000000000001 = {
			isa = PBXGroup;
			children = (
				C00000000000000000000002 /* BandSteerer */,
				C00000000000000000000003 /* BandSteererTests */,
				C00000000000000000000005 /* Products */,
			);
			sourceTree = "<group>";
		};
		C00000000000000000000002 /* BandSteerer */ = {
			isa = PBXGroup;
			children = (
				B00000000000000000000010 /* AboutView.swift */,
				B00000000000000000000001 /* AppIdentity.swift */,
				B0000000000000000000000D /* BandPreferenceStore.swift */,
				B00000000000000000000002 /* AppModel.swift */,
				B00000000000000000000003 /* BandSteererApp.swift */,
				B00000000000000000000004 /* CredentialStore.swift */,
				B00000000000000000000005 /* LocationPermission.swift */,
				B00000000000000000000006 /* MenuBarView.swift */,
				B00000000000000000000011 /* UpdateController.swift */,
				B00000000000000000000007 /* WiFiService.swift */,
				B00000000000000000000008 /* WiFiTypes.swift */,
				B00000000000000000000009 /* Assets.xcassets */,
				B0000000000000000000000A /* Info.plist */,
				B0000000000000000000000B /* BandSteerer.entitlements */,
			);
			path = BandSteerer;
			sourceTree = "<group>";
		};
		C00000000000000000000003 /* BandSteererTests */ = {
			isa = PBXGroup;
			children = (
				B0000000000000000000000C /* BandSteererTests.swift */,
			);
			path = BandSteererTests;
			sourceTree = "<group>";
		};
		C00000000000000000000005 /* Products */ = {
			isa = PBXGroup;
			children = (
				B0000000000000000000000E /* BandSteerer.app */,
				B0000000000000000000000F /* BandSteererTests.xctest */,
			);
			name = Products;
			sourceTree = "<group>";
		};
/* End PBXGroup section */

/* Begin PBXNativeTarget section */
		E00000000000000000000001 /* BandSteerer */ = {
			isa = PBXNativeTarget;
			buildConfigurationList = 200000000000000000000002 /* Build configuration list for PBXNativeTarget "BandSteerer" */;
			buildPhases = (
				D00000000000000000000002 /* Sources */,
				D00000000000000000000001 /* Frameworks */,
				D00000000000000000000003 /* Resources */,
			);
			buildRules = (
			);
			dependencies = (
			);
			name = BandSteerer;
			packageProductDependencies = (
				500000000000000000000002 /* Sparkle */,
			);
			productName = BandSteerer;
			productReference = B0000000000000000000000E /* BandSteerer.app */;
			productType = "com.apple.product-type.application";
		};
		E00000000000000000000002 /* BandSteererTests */ = {
			isa = PBXNativeTarget;
			buildConfigurationList = 200000000000000000000003 /* Build configuration list for PBXNativeTarget "BandSteererTests" */;
			buildPhases = (
				D00000000000000000000005 /* Sources */,
				D00000000000000000000004 /* Frameworks */,
				D00000000000000000000006 /* Resources */,
			);
			buildRules = (
			);
			dependencies = (
				300000000000000000000001 /* PBXTargetDependency */,
			);
			name = BandSteererTests;
			packageProductDependencies = (
			);
			productName = BandSteererTests;
			productReference = B0000000000000000000000F /* BandSteererTests.xctest */;
			productType = "com.apple.product-type.bundle.unit-test";
		};
/* End PBXNativeTarget section */

/* Begin PBXProject section */
		F00000000000000000000001 /* Project object */ = {
			isa = PBXProject;
			attributes = {
				BuildIndependentTargetsInParallel = 1;
				LastSwiftUpdateCheck = 1600;
				LastUpgradeCheck = 1600;
				TargetAttributes = {
					E00000000000000000000001 = {
						CreatedOnToolsVersion = 16.0;
					};
					E00000000000000000000002 = {
						CreatedOnToolsVersion = 16.0;
						TestTargetID = E00000000000000000000001;
					};
				};
			};
			buildConfigurationList = 200000000000000000000001 /* Build configuration list for PBXProject "BandSteerer" */;
			compatibilityVersion = "Xcode 16.0";
			developmentRegion = en;
			hasScannedForEncodings = 0;
			knownRegions = (
				en,
				Base,
			);
			mainGroup = C00000000000000000000001;
			packageReferences = (
				500000000000000000000001 /* XCRemoteSwiftPackageReference "Sparkle" */,
			);
			productRefGroup = C00000000000000000000005 /* Products */;
			projectDirPath = "";
			projectRoot = "";
			targets = (
				E00000000000000000000001 /* BandSteerer */,
				E00000000000000000000002 /* BandSteererTests */,
			);
		};
/* End PBXProject section */

/* Begin PBXResourcesBuildPhase section */
		D00000000000000000000003 /* Resources */ = {
			isa = PBXResourcesBuildPhase;
			buildActionMask = 2147483647;
			files = (
				A00000000000000000000009 /* Assets.xcassets in Resources */,
			);
			runOnlyForDeploymentPostprocessing = 0;
		};
		D00000000000000000000006 /* Resources */ = {
			isa = PBXResourcesBuildPhase;
			buildActionMask = 2147483647;
			files = (
			);
			runOnlyForDeploymentPostprocessing = 0;
		};
/* End PBXResourcesBuildPhase section */

/* Begin PBXSourcesBuildPhase section */
		D00000000000000000000002 /* Sources */ = {
			isa = PBXSourcesBuildPhase;
			buildActionMask = 2147483647;
			files = (
				A0000000000000000000000C /* AboutView.swift in Sources */,
				A00000000000000000000001 /* AppIdentity.swift in Sources */,
				A0000000000000000000000B /* BandPreferenceStore.swift in Sources */,
				A00000000000000000000002 /* AppModel.swift in Sources */,
				A00000000000000000000003 /* BandSteererApp.swift in Sources */,
				A00000000000000000000004 /* CredentialStore.swift in Sources */,
				A00000000000000000000005 /* LocationPermission.swift in Sources */,
				A00000000000000000000006 /* MenuBarView.swift in Sources */,
				A0000000000000000000000D /* UpdateController.swift in Sources */,
				A00000000000000000000007 /* WiFiService.swift in Sources */,
				A00000000000000000000008 /* WiFiTypes.swift in Sources */,
			);
			runOnlyForDeploymentPostprocessing = 0;
		};
		D00000000000000000000005 /* Sources */ = {
			isa = PBXSourcesBuildPhase;
			buildActionMask = 2147483647;
			files = (
				A0000000000000000000000A /* BandSteererTests.swift in Sources */,
			);
			runOnlyForDeploymentPostprocessing = 0;
		};
/* End PBXSourcesBuildPhase section */

/* Begin PBXTargetDependency section */
		300000000000000000000001 /* PBXTargetDependency */ = {
			isa = PBXTargetDependency;
			target = E00000000000000000000001 /* BandSteerer */;
			targetProxy = 400000000000000000000001 /* PBXContainerItemProxy */;
		};
/* End PBXTargetDependency section */

/* Begin XCBuildConfiguration section */
		100000000000000000000001 /* Debug */ = {
			isa = XCBuildConfiguration;
			buildSettings = {
				ALWAYS_SEARCH_USER_PATHS = NO;
				ASSETCATALOG_COMPILER_GENERATE_SWIFT_ASSET_SYMBOL_EXTENSIONS = YES;
				CLANG_ANALYZER_NONNULL = YES;
				CLANG_ANALYZER_NUMBER_OBJECT_CONVERSION = YES_AGGRESSIVE;
				CLANG_CXX_LANGUAGE_STANDARD = "gnu++20";
				CLANG_ENABLE_MODULES = YES;
				CLANG_ENABLE_OBJC_ARC = YES;
				CLANG_WARN_BLOCK_CAPTURE_AUTORELEASING = YES;
				CLANG_WARN_BOOL_CONVERSION = YES;
				CLANG_WARN_COMMA = YES;
				CLANG_WARN_CONSTANT_CONVERSION = YES;
				CLANG_WARN_DEPRECATED_OBJC_IMPLEMENTATIONS = YES;
				CLANG_WARN_DIRECT_OBJC_ISA_USAGE = YES_ERROR;
				CLANG_WARN_DOCUMENTATION_COMMENTS = YES;
				CLANG_WARN_EMPTY_BODY = YES;
				CLANG_WARN_ENUM_CONVERSION = YES;
				CLANG_WARN_INFINITE_RECURSION = YES;
				CLANG_WARN_INT_CONVERSION = YES;
				CLANG_WARN_NON_LITERAL_NULL_CONVERSION = YES;
				CLANG_WARN_OBJC_IMPLICIT_RETAIN_SELF = YES;
				CLANG_WARN_OBJC_LITERAL_CONVERSION = YES;
				CLANG_WARN_OBJC_ROOT_CLASS = YES_ERROR;
				CLANG_WARN_QUOTED_INCLUDE_IN_FRAMEWORK_HEADER = YES;
				CLANG_WARN_RANGE_LOOP_ANALYSIS = YES;
				CLANG_WARN_STRICT_PROTOTYPES = YES;
				CLANG_WARN_SUSPICIOUS_MOVE = YES;
				CLANG_WARN_UNGUARDED_AVAILABILITY = YES_AGGRESSIVE;
				CLANG_WARN_UNREACHABLE_CODE = YES;
				CLANG_WARN__DUPLICATE_METHOD_MATCH = YES;
				COPY_PHASE_STRIP = NO;
				DEBUG_INFORMATION_FORMAT = dwarf;
				ENABLE_STRICT_OBJC_MSGSEND = YES;
				ENABLE_TESTABILITY = YES;
				ENABLE_USER_SCRIPT_SANDBOXING = YES;
				GCC_C_LANGUAGE_STANDARD = gnu17;
				GCC_DYNAMIC_NO_PIC = NO;
				GCC_NO_COMMON_BLOCKS = YES;
				GCC_OPTIMIZATION_LEVEL = 0;
				GCC_PREPROCESSOR_DEFINITIONS = (
					"DEBUG=1",
					"$(inherited)",
				);
				GCC_WARN_64_TO_32_BIT_CONVERSION = YES;
				GCC_WARN_ABOUT_RETURN_TYPE = YES_ERROR;
				GCC_WARN_UNDECLARED_SELECTOR = YES;
				GCC_WARN_UNINITIALIZED_AUTOS = YES_AGGRESSIVE;
				GCC_WARN_UNUSED_FUNCTION = YES;
				GCC_WARN_UNUSED_VARIABLE = YES;
				ONLY_ACTIVE_ARCH = YES;
				SWIFT_ACTIVE_COMPILATION_CONDITIONS = "DEBUG $(inherited)";
				SWIFT_OPTIMIZATION_LEVEL = "-Onone";
			};
			name = Debug;
		};
		100000000000000000000002 /* Release */ = {
			isa = XCBuildConfiguration;
			buildSettings = {
				ALWAYS_SEARCH_USER_PATHS = NO;
				ASSETCATALOG_COMPILER_GENERATE_SWIFT_ASSET_SYMBOL_EXTENSIONS = YES;
				CLANG_ANALYZER_NONNULL = YES;
				CLANG_ANALYZER_NUMBER_OBJECT_CONVERSION = YES_AGGRESSIVE;
				CLANG_CXX_LANGUAGE_STANDARD = "gnu++20";
				CLANG_ENABLE_MODULES = YES;
				CLANG_ENABLE_OBJC_ARC = YES;
				CLANG_WARN_BLOCK_CAPTURE_AUTORELEASING = YES;
				CLANG_WARN_BOOL_CONVERSION = YES;
				CLANG_WARN_COMMA = YES;
				CLANG_WARN_CONSTANT_CONVERSION = YES;
				CLANG_WARN_DEPRECATED_OBJC_IMPLEMENTATIONS = YES;
				CLANG_WARN_DIRECT_OBJC_ISA_USAGE = YES_ERROR;
				CLANG_WARN_DOCUMENTATION_COMMENTS = YES;
				CLANG_WARN_EMPTY_BODY = YES;
				CLANG_WARN_ENUM_CONVERSION = YES;
				CLANG_WARN_INFINITE_RECURSION = YES;
				CLANG_WARN_INT_CONVERSION = YES;
				CLANG_WARN_NON_LITERAL_NULL_CONVERSION = YES;
				CLANG_WARN_OBJC_IMPLICIT_RETAIN_SELF = YES;
				CLANG_WARN_OBJC_LITERAL_CONVERSION = YES;
				CLANG_WARN_OBJC_ROOT_CLASS = YES_ERROR;
				CLANG_WARN_QUOTED_INCLUDE_IN_FRAMEWORK_HEADER = YES;
				CLANG_WARN_RANGE_LOOP_ANALYSIS = YES;
				CLANG_WARN_STRICT_PROTOTYPES = YES;
				CLANG_WARN_SUSPICIOUS_MOVE = YES;
				CLANG_WARN_UNGUARDED_AVAILABILITY = YES_AGGRESSIVE;
				CLANG_WARN_UNREACHABLE_CODE = YES;
				CLANG_WARN__DUPLICATE_METHOD_MATCH = YES;
				COPY_PHASE_STRIP = NO;
				DEBUG_INFORMATION_FORMAT = "dwarf-with-dsym";
				ENABLE_NS_ASSERTIONS = NO;
				ENABLE_STRICT_OBJC_MSGSEND = YES;
				ENABLE_USER_SCRIPT_SANDBOXING = YES;
				GCC_C_LANGUAGE_STANDARD = gnu17;
				GCC_NO_COMMON_BLOCKS = YES;
				GCC_WARN_64_TO_32_BIT_CONVERSION = YES;
				GCC_WARN_ABOUT_RETURN_TYPE = YES_ERROR;
				GCC_WARN_UNDECLARED_SELECTOR = YES;
				GCC_WARN_UNINITIALIZED_AUTOS = YES_AGGRESSIVE;
				GCC_WARN_UNUSED_FUNCTION = YES;
				GCC_WARN_UNUSED_VARIABLE = YES;
				ONLY_ACTIVE_ARCH = NO;
				SWIFT_COMPILATION_MODE = wholemodule;
			};
			name = Release;
		};
		100000000000000000000003 /* Debug */ = {
			isa = XCBuildConfiguration;
			buildSettings = {
				ASSETCATALOG_COMPILER_APPICON_NAME = AppIcon;
				CODE_SIGN_ENTITLEMENTS = BandSteerer/BandSteerer.entitlements;
				CODE_SIGN_STYLE = Automatic;
				COMBINE_HIDPI_IMAGES = YES;
				CURRENT_PROJECT_VERSION = 9;
				ENABLE_APP_SANDBOX = YES;
				ENABLE_HARDENED_RUNTIME = YES;
				ENABLE_OUTGOING_NETWORK_CONNECTIONS = YES;
				GENERATE_INFOPLIST_FILE = NO;
				INFOPLIST_FILE = BandSteerer/Info.plist;
				LD_RUNPATH_SEARCH_PATHS = (
					"$(inherited)",
					"@executable_path/../Frameworks",
				);
				MACOSX_DEPLOYMENT_TARGET = 14.0;
				MARKETING_VERSION = 0.4.0;
				PRODUCT_BUNDLE_IDENTIFIER = org.bandsteerer.BandSteerer;
				PRODUCT_NAME = "$(TARGET_NAME)";
				SDKROOT = macosx;
				SWIFT_EMIT_LOC_STRINGS = YES;
				SWIFT_STRICT_CONCURRENCY = complete;
				SWIFT_TREAT_WARNINGS_AS_ERRORS = YES;
				SWIFT_VERSION = 6.0;
			};
			name = Debug;
		};
		100000000000000000000004 /* Release */ = {
			isa = XCBuildConfiguration;
			buildSettings = {
				ASSETCATALOG_COMPILER_APPICON_NAME = AppIcon;
				CLANG_COVERAGE_MAPPING = NO;
				CLANG_ENABLE_CODE_COVERAGE = NO;
				CODE_SIGN_ENTITLEMENTS = BandSteerer/BandSteerer.entitlements;
				CODE_SIGN_INJECT_BASE_ENTITLEMENTS = NO;
				CODE_SIGN_STYLE = Automatic;
				COMBINE_HIDPI_IMAGES = YES;
				CURRENT_PROJECT_VERSION = 9;
				DEAD_CODE_STRIPPING = YES;
				ENABLE_APP_SANDBOX = YES;
				ENABLE_CODE_COVERAGE = NO;
				ENABLE_HARDENED_RUNTIME = YES;
				ENABLE_OUTGOING_NETWORK_CONNECTIONS = YES;
				GENERATE_INFOPLIST_FILE = NO;
				INFOPLIST_FILE = BandSteerer/Info.plist;
				LD_RUNPATH_SEARCH_PATHS = (
					"$(inherited)",
					"@executable_path/../Frameworks",
				);
				MACOSX_DEPLOYMENT_TARGET = 14.0;
				MARKETING_VERSION = 0.4.0;
				PRODUCT_BUNDLE_IDENTIFIER = org.bandsteerer.BandSteerer;
				PRODUCT_NAME = "$(TARGET_NAME)";
				SDKROOT = macosx;
				STRIP_INSTALLED_PRODUCT = YES;
				SWIFT_COMPILATION_MODE = wholemodule;
				SWIFT_EMIT_LOC_STRINGS = YES;
				SWIFT_STRICT_CONCURRENCY = complete;
				SWIFT_TREAT_WARNINGS_AS_ERRORS = YES;
				SWIFT_VERSION = 6.0;
			};
			name = Release;
		};
		100000000000000000000005 /* Debug */ = {
			isa = XCBuildConfiguration;
			buildSettings = {
				BUNDLE_LOADER = "$(TEST_HOST)";
				CODE_SIGN_STYLE = Automatic;
				GENERATE_INFOPLIST_FILE = YES;
				MACOSX_DEPLOYMENT_TARGET = 14.0;
				PRODUCT_BUNDLE_IDENTIFIER = org.bandsteerer.BandSteererTests;
				PRODUCT_NAME = "$(TARGET_NAME)";
				SWIFT_EMIT_LOC_STRINGS = NO;
				SWIFT_STRICT_CONCURRENCY = complete;
				SWIFT_TREAT_WARNINGS_AS_ERRORS = YES;
				SWIFT_VERSION = 6.0;
				TEST_HOST = "$(BUILT_PRODUCTS_DIR)/BandSteerer.app/Contents/MacOS/BandSteerer";
			};
			name = Debug;
		};
		100000000000000000000006 /* Release */ = {
			isa = XCBuildConfiguration;
			buildSettings = {
				BUNDLE_LOADER = "$(TEST_HOST)";
				CODE_SIGN_STYLE = Automatic;
				GENERATE_INFOPLIST_FILE = YES;
				MACOSX_DEPLOYMENT_TARGET = 14.0;
				PRODUCT_BUNDLE_IDENTIFIER = org.bandsteerer.BandSteererTests;
				PRODUCT_NAME = "$(TARGET_NAME)";
				SWIFT_EMIT_LOC_STRINGS = NO;
				SWIFT_STRICT_CONCURRENCY = complete;
				SWIFT_TREAT_WARNINGS_AS_ERRORS = YES;
				SWIFT_VERSION = 6.0;
				TEST_HOST = "$(BUILT_PRODUCTS_DIR)/BandSteerer.app/Contents/MacOS/BandSteerer";
			};
			name = Release;
		};
/* End XCBuildConfiguration section */

/* Begin XCConfigurationList section */
		200000000000000000000001 /* Build configuration list for PBXProject "BandSteerer" */ = {
			isa = XCConfigurationList;
			buildConfigurations = (
				100000000000000000000001 /* Debug */,
				100000000000000000000002 /* Release */,
			);
			defaultConfigurationIsVisible = 0;
			defaultConfigurationName = Release;
		};
		200000000000000000000002 /* Build configuration list for PBXNativeTarget "BandSteerer" */ = {
			isa = XCConfigurationList;
			buildConfigurations = (
				100000000000000000000003 /* Debug */,
				100000000000000000000004 /* Release */,
			);
			defaultConfigurationIsVisible = 0;
			defaultConfigurationName = Release;
		};
		200000000000000000000003 /* Build configuration list for PBXNativeTarget "BandSteererTests" */ = {
			isa = XCConfigurationList;
			buildConfigurations = (
				100000000000000000000005 /* Debug */,
				100000000000000000000006 /* Release */,
			);
			defaultConfigurationIsVisible = 0;
			defaultConfigurationName = Release;
		};
/* End XCConfigurationList section */

/* Begin XCRemoteSwiftPackageReference section */
		500000000000000000000001 /* XCRemoteSwiftPackageReference "Sparkle" */ = {
			isa = XCRemoteSwiftPackageReference;
			repositoryURL = "https://github.com/sparkle-project/Sparkle";
			requirement = {
				kind = exactVersion;
				version = 2.9.4;
			};
		};
/* End XCRemoteSwiftPackageReference section */

/* Begin XCSwiftPackageProductDependency section */
		500000000000000000000002 /* Sparkle */ = {
			isa = XCSwiftPackageProductDependency;
			package = 500000000000000000000001 /* XCRemoteSwiftPackageReference "Sparkle" */;
			productName = Sparkle;
		};
/* End XCSwiftPackageProductDependency section */
	};
	rootObject = F00000000000000000000001 /* Project object */;
}
